// !$*UTF8*$!
{
	archiveVersion = 1;
	classes = {
	};
	objectVersion = 77;
	objects = {

/* Begin PBXBuildFile section */
		CF21E4B53049905A00B4CAFE /* PicoConnection in Frameworks */ = {isa = PBXBuildFile; productRef = CF21E4B43049905A00B4CAFE /* PicoConnection */; };
		CF4F3AB82FD183A6002F6FA6 /* PicoConnection in Frameworks */ = {isa = PBXBuildFile; productRef = CF4A698E2FA75D56006AD91B /* PicoConnection */; };
		CF4F3AB92FD183A6002F6FA6 /* PicoConnection in Frameworks */ = {isa = PBXBuildFile; productRef = CF0A64AC2FA7B4F3007FC53A /* PicoConnection */; };
		CF4F3ABA2FD183A6002F6FA6 /* PicoConnection in Frameworks */ = {isa = PBXBuildFile; productRef = CF3003CC2FC09FAA002CC939 /* PicoConnection */; };
		CF6126522FFCFA8F00A5092F /* PicoConnection in Frameworks */ = {isa = PBXBuildFile; productRef = CF6126512FFCFA8F00A5092F /* PicoConnection */; };
		CFB70E912FF7E8E80074C85C /* PicoConnection in Frameworks */ = {isa = PBXBuildFile; productRef = CFB70E902FF7E8E80074C85C /* PicoConnection */; };
		CFD177B63068300F00AFD607 /* Sparkle in Frameworks */ = {isa = PBXBuildFile; productRef = CFD177B53068300F00AFD607 /* Sparkle */; };
/* End PBXBuildFile section */

/* Begin PBXFileReference section */
		CF9F89802E966F7D00F49B4E /* espion-can-swiftui.app */ = {isa = PBXFileReference; explicitFileType = wrapper.application; includeInIndex = 0; path = "espion-can-swiftui.app"; sourceTree = BUILT_PRODUCTS_DIR; };
/* End PBXFileReference section */

/* Begin PBXFileSystemSynchronizedBuildFileExceptionSet section */
		CF9F898C2E966F7E00F49B4E /* Exceptions for "espion-can-swiftui" folder in "espion-can-swiftui" target */ = {
			isa = PBXFileSystemSynchronizedBuildFileExceptionSet;
			membershipExceptions = (
				Info.plist,
			);
			target = CF9F897F2E966F7D00F49B4E /* espion-can-swiftui */;
		};
/* End PBXFileSystemSynchronizedBuildFileExceptionSet section */

/* Begin PBXFileSystemSynchronizedRootGroup section */
		CF9F89822E966F7D00F49B4E /* espion-can-swiftui */ = {
			isa = PBXFileSystemSynchronizedRootGroup;
			exceptions = (
				CF9F898C2E966F7E00F49B4E /* Exceptions for "espion-can-swiftui" folder in "espion-can-swiftui" target */,
			);
			path = "espion-can-swiftui";
			sourceTree = "<group>";
		};
/* End PBXFileSystemSynchronizedRootGroup section */

/* Begin PBXFrameworksBuildPhase section */
		CF9F897D2E966F7D00F49B4E /* Frameworks */ = {
			isa = PBXFrameworksBuildPhase;
			buildActionMask = 2147483647;
			files = (
				CFD177B63068300F00AFD607 /* Sparkle in Frameworks */,
				CF6126522FFCFA8F00A5092F /* PicoConnection in Frameworks */,
				CF21E4B53049905A00B4CAFE /* PicoConnection in Frameworks */,
				CF4F3ABA2FD183A6002F6FA6 /* PicoConnection in Frameworks */,
				CFB70E912FF7E8E80074C85C /* PicoConnection in Frameworks */,
				CF4F3AB92FD183A6002F6FA6 /* PicoConnection in Frameworks */,
				CF4F3AB82FD183A6002F6FA6 /* PicoConnection in Frameworks */,
			);
			runOnlyForDeploymentPostprocessing = 0;
		};
/* End PBXFrameworksBuildPhase section */

/* Begin PBXGroup section */
		CF9F89772E966F7D00F49B4E = {
			isa = PBXGroup;
			children = (
				CF9F89822E966F7D00F49B4E /* espion-can-swiftui */,
				CF9F89812E966F7D00F49B4E /* Products */,
			);
			sourceTree = "<group>";
		};
		CF9F89812E966F7D00F49B4E /* Products */ = {
			isa = PBXGroup;
			children = (
				CF9F89802E966F7D00F49B4E /* espion-can-swiftui.app */,
			);
			name = Products;
			sourceTree = "<group>";
		};
/* End PBXGroup section */

/* Begin PBXNativeTarget section */
		CF9F897F2E966F7D00F49B4E /* espion-can-swiftui */ = {
			isa = PBXNativeTarget;
			buildConfigurationList = CF9F898D2E966F7E00F49B4E /* Build configuration list for PBXNativeTarget "espion-can-swiftui" */;
			buildPhases = (
				CF9F897C2E966F7D00F49B4E /* Sources */,
				CF9F897D2E966F7D00F49B4E /* Frameworks */,
				CF9F897E2E966F7D00F49B4E /* Resources */,
			);
			buildRules = (
			);
			dependencies = (
			);
			fileSystemSynchronizedGroups = (
				CF9F89822E966F7D00F49B4E /* espion-can-swiftui */,
			);
			name = "espion-can-swiftui";
			packageProductDependencies = (
				CF4A698E2FA75D56006AD91B /* PicoConnection */,
				CF0A64AC2FA7B4F3007FC53A /* PicoConnection */,
				CF3003CC2FC09FAA002CC939 /* PicoConnection */,
				CFB70E902FF7E8E80074C85C /* PicoConnection */,
				CF6126512FFCFA8F00A5092F /* PicoConnection */,
				CF21E4B43049905A00B4CAFE /* PicoConnection */,
				CFD177B53068300F00AFD607 /* Sparkle */,
			);
			productName = "espion-can-swiftui";
			productReference = CF9F89802E966F7D00F49B4E /* espion-can-swiftui.app */;
			productType = "com.apple.product-type.application";
		};
/* End PBXNativeTarget section */

/* Begin PBXProject section */
		CF9F89782E966F7D00F49B4E /* Project object */ = {
			isa = PBXProject;
			attributes = {
				BuildIndependentTargetsInParallel = 1;
				LastSwiftUpdateCheck = 2610;
				LastUpgradeCheck = 2720;
				TargetAttributes = {
					CF9F897F2E966F7D00F49B4E = {
						CreatedOnToolsVersion = 26.1;
						LastSwiftMigration = 2610;
					};
				};
			};
			buildConfigurationList = CF9F897B2E966F7D00F49B4E /* Build configuration list for PBXProject "espion-can-swiftui" */;
			developmentRegion = en;
			hasScannedForEncodings = 0;
			knownRegions = (
				en,
				Base,
			);
			mainGroup = CF9F89772E966F7D00F49B4E;
			minimizedProjectReferenceProxies = 1;
			packageReferences = (
				CF21E4B33049905A00B4CAFE /* XCRemoteSwiftPackageReference "Swift-Package-Pico-Connection" */,
				CFD177B43068300F00AFD607 /* XCRemoteSwiftPackageReference "Sparkle" */,
			);
			preferredProjectObjectVersion = 77;
			productRefGroup = CF9F89812E966F7D00F49B4E /* Products */;
			projectDirPath = "";
			projectRoot = "";
			targets = (
				CF9F897F2E966F7D00F49B4E /* espion-can-swiftui */,
			);
		};
/* End PBXProject section */

/* Begin PBXResourcesBuildPhase section */
		CF9F897E2E966F7D00F49B4E /* Resources */ = {
			isa = PBXResourcesBuildPhase;
			buildActionMask = 2147483647;
			files = (
			);
			runOnlyForDeploymentPostprocessing = 0;
		};
/* End PBXResourcesBuildPhase section */

/* Begin PBXSourcesBuildPhase section */
		CF9F897C2E966F7D00F49B4E /* Sources */ = {
			isa = PBXSourcesBuildPhase;
			buildActionMask = 2147483647;
			files = (
			);
			runOnlyForDeploymentPostprocessing = 0;
		};
/* End PBXSourcesBuildPhase section */

/* Begin XCBuildConfiguration section */
		CF9F898E2E966F7E00F49B4E /* Debug */ = {
			isa = XCBuildConfiguration;
			buildSettings = {
				ASSETCATALOG_COMPILER_APPICON_NAME = AppIcon;
				ASSETCATALOG_COMPILER_GLOBAL_ACCENT_COLOR_NAME = AccentColor;
				ASSETCATALOG_COMPILER_INCLUDE_ALL_APPICON_ASSETS = NO;
				CLANG_ENABLE_MODULES = YES;
				"CODE_SIGN_IDENTITY[sdk=macosx*]" = "Apple Development";
				CODE_SIGN_STYLE = Automatic;
				COMBINE_HIDPI_IMAGES = YES;
				CURRENT_PROJECT_VERSION = 1;
				DEAD_CODE_STRIPPING = YES;
				DEVELOPMENT_TEAM = YW8QY74J2A;
				ENABLE_APP_SANDBOX = NO;
				ENABLE_HARDENED_RUNTIME = YES;
				ENABLE_PREVIEWS = YES;
				GENERATE_INFOPLIST_FILE = YES;
				INFOPLIST_FILE = "espion-can-swiftui/Info.plist";
				INFOPLIST_KEY_LSApplicationCategoryType = "public.app-category.developer-tools";
				INFOPLIST_KEY_NSLocalNetworkUsageDescription = "Découverte des services réseau locaux";
				LD_RUNPATH_SEARCH_PATHS = (
					"$(inherited)",
					"@executable_path/../Frameworks",
				);
				MACOSX_DEPLOYMENT_TARGET = 15.6;
				MARKETING_VERSION = 1.0;
				PRODUCT_BUNDLE_IDENTIFIER = "name.pcmolinaro.pierre.espion-can-swiftui";
				PRODUCT_NAME = "$(TARGET_NAME)";
				REGISTER_APP_GROUPS = YES;
				SWIFT_OPTIMIZATION_LEVEL = "-Onone";
				SWIFT_UPCOMING_FEATURE_MEMBER_IMPORT_VISIBILITY = YES;
			};
			name = Debug;
		};
		CF9F898F2E966F7E00F49B4E /* Release */ = {
			isa = XCBuildConfiguration;
			buildSettings = {
				ASSETCATALOG_COMPILER_APPICON_NAME = AppIcon;
				ASSETCATALOG_COMPILER_GLOBAL_ACCENT_COLOR_NAME = AccentColor;
				ASSETCATALOG_COMPILER_INCLUDE_ALL_APPICON_ASSETS = NO;
				CLANG_ENABLE_MODULES = YES;
				"CODE_SIGN_IDENTITY[sdk=macosx*]" = "Apple Development";
				CODE_SIGN_STYLE = Automatic;
				COMBINE_HIDPI_IMAGES = YES;
				CURRENT_PROJECT_VERSION = 1;
				DEAD_CODE_STRIPPING = YES;
				DEVELOPMENT_TEAM = YW8QY74J2A;
				ENABLE_APP_SANDBOX = NO;
				ENABLE_HARDENED_RUNTIME = YES;
				ENABLE_PREVIEWS = YES;
				GENERATE_INFOPLIST_FILE = YES;
				INFOPLIST_FILE = "espion-can-swiftui/Info.plist";
				INFOPLIST_KEY_LSApplicationCategoryType = "public.app-category.developer-tools";
				INFOPLIST_KEY_NSLocalNetworkUsageDescription = "Découverte des services réseau locaux";
				LD_RUNPATH_SEARCH_PATHS = (
					"$(inherited)",
					"@executable_path/../Frameworks",
				);
				MACOSX_DEPLOYMENT_TARGET = 15.6;
				MARKETING_VERSION = 1.0;
				PRODUCT_BUNDLE_IDENTIFIER = "name.pcmolinaro.pierre.espion-can-swiftui";
				PRODUCT_NAME = "$(TARGET_NAME)";
				REGISTER_APP_GROUPS = YES;
				SWIFT_UPCOMING_FEATURE_MEMBER_IMPORT_VISIBILITY = YES;
			};
			name = Release;
		};
		CF9F89902E966F7E00F49B4E /* Debug */ = {
			isa = XCBuildConfiguration;
			buildSettings = {
				ALWAYS_SEARCH_USER_PATHS = NO;
				ASSETCATALOG_COMPILER_GENERATE_SWIFT_ASSET_SYMBOL_EXTENSIONS = YES;
				CLANG_ANALYZER_NONNULL = YES;
				CLANG_ANALYZER_NUMBER_OBJECT_CONVERSION = YES_AGGRESSIVE;
				CLANG_CXX_LANGUAGE_STANDARD = "gnu++20";
				CLANG_ENABLE_MODULES = YES;
				CLANG_ENABLE_OBJC_ARC = YES;
				CLANG_ENABLE_OBJC_WEAK = YES;
				CLANG_WARN_BLOCK_CAPTURE_AUTORELEASING = YES;
				CLANG_WARN_BOOL_CONVERSION = YES;
				CLANG_WARN_COMMA = YES;
				CLANG_WARN_CONSTANT_CONVERSION = YES;
				CLANG_WARN_DEPRECATED_OBJC_IMPLEMENTATIONS = YES;
				CLANG_WARN_DIRECT_OBJC_ISA_USAGE = YES_ERROR;
				CLANG_WARN_DOCUMENTATION_COMMENTS = YES;
				CLANG_WARN_EMPTY_BODY = YES;
				CLANG_WARN_ENUM_CONVERSION = YES;
				CLANG_WARN_INFINITE_RECURSION = YES;
				CLANG_WARN_INT_CONVERSION = YES;
				CLANG_WARN_NON_LITERAL_NULL_CONVERSION = YES;
				CLANG_WARN_OBJC_IMPLICIT_RETAIN_SELF = YES;
				CLANG_WARN_OBJC_LITERAL_CONVERSION = YES;
				CLANG_WARN_OBJC_ROOT_CLASS = YES_ERROR;
				CLANG_WARN_QUOTED_INCLUDE_IN_FRAMEWORK_HEADER = YES;
				CLANG_WARN_RANGE_LOOP_ANALYSIS = YES;
				CLANG_WARN_STRICT_PROTOTYPES = YES;
				CLANG_WARN_SUSPICIOUS_MOVE = YES;
				CLANG_WARN_UNGUARDED_AVAILABILITY = YES_AGGRESSIVE;
				CLANG_WARN_UNREACHABLE_CODE = YES;
				CLANG_WARN__DUPLICATE_METHOD_MATCH = YES;
				COPY_PHASE_STRIP = NO;
				DEAD_CODE_STRIPPING = YES;
				DEBUG_INFORMATION_FORMAT = dwarf;
				DEVELOPMENT_TEAM = YW8QY74J2A;
				ENABLE_STRICT_OBJC_MSGSEND = YES;
				ENABLE_TESTABILITY = YES;
				ENABLE_USER_SCRIPT_SANDBOXING = YES;
				GCC_C_LANGUAGE_STANDARD = gnu17;
				GCC_DYNAMIC_NO_PIC = NO;
				GCC_NO_COMMON_BLOCKS = YES;
				GCC_OPTIMIZATION_LEVEL = 0;
				GCC_PREPROCESSOR_DEFINITIONS = (
					"DEBUG=1",
					"$(inherited)",
				);
				GCC_WARN_64_TO_32_BIT_CONVERSION = YES;
				GCC_WARN_ABOUT_RETURN_TYPE = YES_ERROR;
				GCC_WARN_UNDECLARED_SELECTOR = YES;
				GCC_WARN_UNINITIALIZED_AUTOS = YES_AGGRESSIVE;
				GCC_WARN_UNUSED_FUNCTION = YES;
				GCC_WARN_UNUSED_VARIABLE = YES;
				LOCALIZATION_PREFERS_STRING_CATALOGS = YES;
				MACOSX_DEPLOYMENT_TARGET = 15.7;
				MTL_ENABLE_DEBUG_INFO = INCLUDE_SOURCE;
				MTL_FAST_MATH = YES;
				ONLY_ACTIVE_ARCH = YES;
				SDKROOT = macosx;
				STRING_CATALOG_GENERATE_SYMBOLS = YES;
				SWIFT_ACTIVE_COMPILATION_CONDITIONS = "DEBUG $(inherited)";
				SWIFT_APPROACHABLE_CONCURRENCY = YES;
				SWIFT_OPTIMIZATION_LEVEL = "-Onone";
				SWIFT_STRICT_MEMORY_SAFETY = YES;
				SWIFT_VERSION = 6.0;
			};
			name = Debug;
		};
		CF9F89912E966F7E00F49B4E /* Release */ = {
			isa = XCBuildConfiguration;
			buildSettings = {
				ALWAYS_SEARCH_USER_PATHS = NO;
				ASSETCATALOG_COMPILER_GENERATE_SWIFT_ASSET_SYMBOL_EXTENSIONS = YES;
				CLANG_ANALYZER_NONNULL = YES;
				CLANG_ANALYZER_NUMBER_OBJECT_CONVERSION = YES_AGGRESSIVE;
				CLANG_CXX_LANGUAGE_STANDARD = "gnu++20";
				CLANG_ENABLE_MODULES = YES;
				CLANG_ENABLE_OBJC_ARC = YES;
				CLANG_ENABLE_OBJC_WEAK = YES;
				CLANG_WARN_BLOCK_CAPTURE_AUTORELEASING = YES;
				CLANG_WARN_BOOL_CONVERSION = YES;
				CLANG_WARN_COMMA = YES;
				CLANG_WARN_CONSTANT_CONVERSION = YES;
				CLANG_WARN_DEPRECATED_OBJC_IMPLEMENTATIONS = YES;
				CLANG_WARN_DIRECT_OBJC_ISA_USAGE = YES_ERROR;
				CLANG_WARN_DOCUMENTATION_COMMENTS = YES;
				CLANG_WARN_EMPTY_BODY = YES;
				CLANG_WARN_ENUM_CONVERSION = YES;
				CLANG_WARN_INFINITE_RECURSION = YES;
				CLANG_WARN_INT_CONVERSION = YES;
				CLANG_WARN_NON_LITERAL_NULL_CONVERSION = YES;
				CLANG_WARN_OBJC_IMPLICIT_RETAIN_SELF = YES;
				CLANG_WARN_OBJC_LITERAL_CONVERSION = YES;
				CLANG_WARN_OBJC_ROOT_CLASS = YES_ERROR;
				CLANG_WARN_QUOTED_INCLUDE_IN_FRAMEWORK_HEADER = YES;
				CLANG_WARN_RANGE_LOOP_ANALYSIS = YES;
				CLANG_WARN_STRICT_PROTOTYPES = YES;
				CLANG_WARN_SUSPICIOUS_MOVE = YES;
				CLANG_WARN_UNGUARDED_AVAILABILITY = YES_AGGRESSIVE;
				CLANG_WARN_UNREACHABLE_CODE = YES;
				CLANG_WARN__DUPLICATE_METHOD_MATCH = YES;
				COPY_PHASE_STRIP = NO;
				DEAD_CODE_STRIPPING = YES;
				DEBUG_INFORMATION_FORMAT = "dwarf-with-dsym";
				DEVELOPMENT_TEAM = YW8QY74J2A;
				ENABLE_NS_ASSERTIONS = NO;
				ENABLE_STRICT_OBJC_MSGSEND = YES;
				ENABLE_USER_SCRIPT_SANDBOXING = YES;
				GCC_C_LANGUAGE_STANDARD = gnu17;
				GCC_NO_COMMON_BLOCKS = YES;
				GCC_WARN_64_TO_32_BIT_CONVERSION = YES;
				GCC_WARN_ABOUT_RETURN_TYPE = YES_ERROR;
				GCC_WARN_UNDECLARED_SELECTOR = YES;
				GCC_WARN_UNINITIALIZED_AUTOS = YES_AGGRESSIVE;
				GCC_WARN_UNUSED_FUNCTION = YES;
				GCC_WARN_UNUSED_VARIABLE = YES;
				LOCALIZATION_PREFERS_STRING_CATALOGS = YES;
				MACOSX_DEPLOYMENT_TARGET = 15.7;
				MTL_ENABLE_DEBUG_INFO = NO;
				MTL_FAST_MATH = YES;
				SDKROOT = macosx;
				STRING_CATALOG_GENERATE_SYMBOLS = YES;
				SWIFT_APPROACHABLE_CONCURRENCY = YES;
				SWIFT_COMPILATION_MODE = wholemodule;
				SWIFT_STRICT_MEMORY_SAFETY = YES;
				SWIFT_VERSION = 6.0;
			};
			name = Release;
		};
/* End XCBuildConfiguration section */

/* Begin XCConfigurationList section */
		CF9F897B2E966F7D00F49B4E /* Build configuration list for PBXProject "espion-can-swiftui" */ = {
			isa = XCConfigurationList;
			buildConfigurations = (
				CF9F89902E966F7E00F49B4E /* Debug */,
				CF9F89912E966F7E00F49B4E /* Release */,
			);
			defaultConfigurationIsVisible = 0;
			defaultConfigurationName = Release;
		};
		CF9F898D2E966F7E00F49B4E /* Build configuration list for PBXNativeTarget "espion-can-swiftui" */ = {
			isa = XCConfigurationList;
			buildConfigurations = (
				CF9F898E2E966F7E00F49B4E /* Debug */,
				CF9F898F2E966F7E00F49B4E /* Release */,
			);
			defaultConfigurationIsVisible = 0;
			defaultConfigurationName = Release;
		};
/* End XCConfigurationList section */

/* Begin XCRemoteSwiftPackageReference section */
		CF21E4B33049905A00B4CAFE /* XCRemoteSwiftPackageReference "Swift-Package-Pico-Connection" */ = {
			isa = XCRemoteSwiftPackageReference;
			repositoryURL = "https://github.com/pierremolinaro/Swift-Package-Pico-Connection";
			requirement = {
				kind = versionRange;
				maximumVersion = 2.0.0;
				minimumVersion = 1.0.0;
			};
		};
		CFD177B43068300F00AFD607 /* XCRemoteSwiftPackageReference "Sparkle" */ = {
			isa = XCRemoteSwiftPackageReference;
			repositoryURL = "https://github.com/sparkle-project/Sparkle";
			requirement = {
				kind = upToNextMajorVersion;
				minimumVersion = 2.10.0;
			};
		};
/* End XCRemoteSwiftPackageReference section */

/* Begin XCSwiftPackageProductDependency section */
		CF0A64AC2FA7B4F3007FC53A /* PicoConnection */ = {
			isa = XCSwiftPackageProductDependency;
			productName = PicoConnection;
		};
		CF21E4B43049905A00B4CAFE /* PicoConnection */ = {
			isa = XCSwiftPackageProductDependency;
			package = CF21E4B33049905A00B4CAFE /* XCRemoteSwiftPackageReference "Swift-Package-Pico-Connection" */;
			productName = PicoConnection;
		};
		CF3003CC2FC09FAA002CC939 /* PicoConnection */ = {
			isa = XCSwiftPackageProductDependency;
			productName = PicoConnection;
		};
		CF4A698E2FA75D56006AD91B /* PicoConnection */ = {
			isa = XCSwiftPackageProductDependency;
			productName = PicoConnection;
		};
		CF6126512FFCFA8F00A5092F /* PicoConnection */ = {
			isa = XCSwiftPackageProductDependency;
			productName = PicoConnection;
		};
		CFB70E902FF7E8E80074C85C /* PicoConnection */ = {
			isa = XCSwiftPackageProductDependency;
			productName = PicoConnection;
		};
		CFD177B53068300F00AFD607 /* Sparkle */ = {
			isa = XCSwiftPackageProductDependency;
			package = CFD177B43068300F00AFD607 /* XCRemoteSwiftPackageReference "Sparkle" */;
			productName = Sparkle;
		};
/* End XCSwiftPackageProductDependency section */
	};
	rootObject = CF9F89782E966F7D00F49B4E /* Project object */;
}
